
Microsoft Visual Studio Solution File, Format Version 12.00
# Visual Studio 15
VisualStudioVersion = 15.0.27703.2042
MinimumVisualStudioVersion = 10.0.40219.1
Project("{FAE04EC0-301F-11D3-BF4B-00C04F79EFBC}") = "FishingSite", "FishingSite\FishingSite.csproj", "{99C314A9-B6D2-4301-BE9F-DFB42C171B14}"
EndProject
Global
	GlobalSection(SolutionConfigurationPlatforms) = preSolution
		Debug|Any CPU = Debug|Any CPU
		Release|Any CPU = Release|Any CPU
	EndGlobalSection
	GlobalSection(ProjectConfigurationPlatforms) = postSolution
		{99C314A9-B6D2-4301-BE9F-DFB42C171B14}.Debug|Any CPU.ActiveCfg = Debug|Any CPU
		{99C314A9-B6D2-4301-BE9F-DFB42C171B14}.Debug|Any CPU.Build.0 = Debug|Any CPU
		{99C314A9-B6D2-4301-BE9F-DFB42C171B14}.Release|Any CPU.ActiveCfg = Release|Any CPU
		{99C314A9-B6D2-4301-BE9F-DFB42C171B14}.Release|Any CPU.Build.0 = Release|Any CPU
	EndGlobalSection
	GlobalSection(SolutionProperties) = preSolution
		HideSolutionNode = FALSE
	EndGlobalSection
	GlobalSection(ExtensibilityGlobals) = postSolution
		SolutionGuid = {3FD18622-B87D-4631-9954-351E983610F2}
	EndGlobalSection
EndGlobal
